
Microsoft Visual Studio Solution File, Format Version 12.00
# Visual Studio 2013
VisualStudioVersion = 12.0.40629.0
MinimumVisualStudioVersion = 10.0.40219.1
Project("{FAE04EC0-301F-11D3-BF4B-00C04F79EFBC}") = "RomanNumerals", "RomanNumerals\RomanNumerals.csproj", "{400F2E06-6950-435C-B7F1-0ED0D0E0F8BA}"
EndProject
Project("{FAE04EC0-301F-11D3-BF4B-00C04F79EFBC}") = "RomanNumerals.Tests", "RomanNumerals.Tests\RomanNumerals.Tests.csproj", "{ADD26004-0A5A-44AC-9A3D-F84182486DC6}"
EndProject
Global
	GlobalSection(SolutionConfigurationPlatforms) = preSolution
		Debug|Any CPU = Debug|Any CPU
		Release|Any CPU = Release|Any CPU
	EndGlobalSection
	GlobalSection(ProjectConfigurationPlatforms) = postSolution
		{400F2E06-6950-435C-B7F1-0ED0D0E0F8BA}.Debug|Any CPU.ActiveCfg = Debug|Any CPU
		{400F2E06-6950-435C-B7F1-0ED0D0E0F8BA}.Debug|Any CPU.Build.0 = Debug|Any CPU
		{400F2E06-6950-435C-B7F1-0ED0D0E0F8BA}.Release|Any CPU.ActiveCfg = Release|Any CPU
		{400F2E06-6950-435C-B7F1-0ED0D0E0F8BA}.Release|Any CPU.Build.0 = Release|Any CPU
		{ADD26004-0A5A-44AC-9A3D-F84182486DC6}.Debug|Any CPU.ActiveCfg = Debug|Any CPU
		{ADD26004-0A5A-44AC-9A3D-F84182486DC6}.Debug|Any CPU.Build.0 = Debug|Any CPU
		{ADD26004-0A5A-44AC-9A3D-F84182486DC6}.Release|Any CPU.ActiveCfg = Release|Any CPU
		{ADD26004-0A5A-44AC-9A3D-F84182486DC6}.Release|Any CPU.Build.0 = Release|Any CPU
	EndGlobalSection
	GlobalSection(SolutionProperties) = preSolution
		HideSolutionNode = FALSE
	EndGlobalSection
EndGlobal
