
Microsoft Visual Studio Solution File, Format Version 12.00
# Visual Studio 2013
VisualStudioVersion = 12.0.40629.0
MinimumVisualStudioVersion = 10.0.40219.1
Project("{FAE04EC0-301F-11D3-BF4B-00C04F79EFBC}") = "LeapYear", "LeapYear\LeapYear.csproj", "{C0D2593A-BF5A-4C19-8337-2EEC9E1BE997}"
EndProject
Project("{FAE04EC0-301F-11D3-BF4B-00C04F79EFBC}") = "LeapYear.Tests", "LeapYear.Tests\LeapYear.Tests.csproj", "{97AD0316-3965-424A-9B9F-21C63EE085D5}"
EndProject
Global
	GlobalSection(SolutionConfigurationPlatforms) = preSolution
		Debug|Any CPU = Debug|Any CPU
		Release|Any CPU = Release|Any CPU
	EndGlobalSection
	GlobalSection(ProjectConfigurationPlatforms) = postSolution
		{C0D2593A-BF5A-4C19-8337-2EEC9E1BE997}.Debug|Any CPU.ActiveCfg = Debug|Any CPU
		{C0D2593A-BF5A-4C19-8337-2EEC9E1BE997}.Debug|Any CPU.Build.0 = Debug|Any CPU
		{C0D2593A-BF5A-4C19-8337-2EEC9E1BE997}.Release|Any CPU.ActiveCfg = Release|Any CPU
		{C0D2593A-BF5A-4C19-8337-2EEC9E1BE997}.Release|Any CPU.Build.0 = Release|Any CPU
		{97AD0316-3965-424A-9B9F-21C63EE085D5}.Debug|Any CPU.ActiveCfg = Debug|Any CPU
		{97AD0316-3965-424A-9B9F-21C63EE085D5}.Debug|Any CPU.Build.0 = Debug|Any CPU
		{97AD0316-3965-424A-9B9F-21C63EE085D5}.Release|Any CPU.ActiveCfg = Release|Any CPU
		{97AD0316-3965-424A-9B9F-21C63EE085D5}.Release|Any CPU.Build.0 = Release|Any CPU
	EndGlobalSection
	GlobalSection(SolutionProperties) = preSolution
		HideSolutionNode = FALSE
	EndGlobalSection
EndGlobal
