
Microsoft Visual Studio Solution File, Format Version 12.00
# Visual Studio 14
VisualStudioVersion = 14.0.25420.1
MinimumVisualStudioVersion = 10.0.40219.1
Project("{FAE04EC0-301F-11D3-BF4B-00C04F79EFBC}") = "WordCounter", "WordCounter\WordCounter.csproj", "{B43D6FDA-EDAB-48F4-A29A-C08A00ED68CF}"
EndProject
Project("{FAE04EC0-301F-11D3-BF4B-00C04F79EFBC}") = "WordCounter.Tests", "WordCounter.Tests\WordCounter.Tests.csproj", "{DB056F5E-3E51-4C57-BD4A-56650D31195C}"
EndProject
Global
	GlobalSection(SolutionConfigurationPlatforms) = preSolution
		Debug|Any CPU = Debug|Any CPU
		Release|Any CPU = Release|Any CPU
	EndGlobalSection
	GlobalSection(ProjectConfigurationPlatforms) = postSolution
		{B43D6FDA-EDAB-48F4-A29A-C08A00ED68CF}.Debug|Any CPU.ActiveCfg = Debug|Any CPU
		{B43D6FDA-EDAB-48F4-A29A-C08A00ED68CF}.Debug|Any CPU.Build.0 = Debug|Any CPU
		{B43D6FDA-EDAB-48F4-A29A-C08A00ED68CF}.Release|Any CPU.ActiveCfg = Release|Any CPU
		{B43D6FDA-EDAB-48F4-A29A-C08A00ED68CF}.Release|Any CPU.Build.0 = Release|Any CPU
		{DB056F5E-3E51-4C57-BD4A-56650D31195C}.Debug|Any CPU.ActiveCfg = Debug|Any CPU
		{DB056F5E-3E51-4C57-BD4A-56650D31195C}.Debug|Any CPU.Build.0 = Debug|Any CPU
		{DB056F5E-3E51-4C57-BD4A-56650D31195C}.Release|Any CPU.ActiveCfg = Release|Any CPU
		{DB056F5E-3E51-4C57-BD4A-56650D31195C}.Release|Any CPU.Build.0 = Release|Any CPU
	EndGlobalSection
	GlobalSection(SolutionProperties) = preSolution
		HideSolutionNode = FALSE
	EndGlobalSection
EndGlobal
